
Microsoft Visual Studio Solution File, Format Version 12.00
# Visual Studio Version 17
VisualStudioVersion = 17.0.31903.59
MinimumVisualStudioVersion = 10.0.40219.1
Project("{9A19103F-16F7-4668-BE54-9A1E7A4F7556}") = "ce100-hw3-algo-lib-cs", "ce100-hw3-algo-lib-cs\ce100-hw3-algo-lib-cs.csproj", "{42F089A3-E30F-412F-A4F8-CAF8BA739A73}"
EndProject
Project("{FAE04EC0-301F-11D3-BF4B-00C04F79EFBC}") = "ce100-hw3-algo-test-cs", "ce100-hw3-algo-test-cs\ce100-hw3-algo-test-cs.csproj", "{ED04FB1B-850D-46BD-A806-2D226067BCD5}"
EndProject
Global
	GlobalSection(SolutionConfigurationPlatforms) = preSolution
		Debug|Any CPU = Debug|Any CPU
		Release|Any CPU = Release|Any CPU
	EndGlobalSection
	GlobalSection(ProjectConfigurationPlatforms) = postSolution
		{42F089A3-E30F-412F-A4F8-CAF8BA739A73}.Debug|Any CPU.ActiveCfg = Debug|Any CPU
		{42F089A3-E30F-412F-A4F8-CAF8BA739A73}.Debug|Any CPU.Build.0 = Debug|Any CPU
		{42F089A3-E30F-412F-A4F8-CAF8BA739A73}.Release|Any CPU.ActiveCfg = Release|Any CPU
		{42F089A3-E30F-412F-A4F8-CAF8BA739A73}.Release|Any CPU.Build.0 = Release|Any CPU
		{ED04FB1B-850D-46BD-A806-2D226067BCD5}.Debug|Any CPU.ActiveCfg = Debug|Any CPU
		{ED04FB1B-850D-46BD-A806-2D226067BCD5}.Debug|Any CPU.Build.0 = Debug|Any CPU
		{ED04FB1B-850D-46BD-A806-2D226067BCD5}.Release|Any CPU.ActiveCfg = Release|Any CPU
		{ED04FB1B-850D-46BD-A806-2D226067BCD5}.Release|Any CPU.Build.0 = Release|Any CPU
	EndGlobalSection
	GlobalSection(SolutionProperties) = preSolution
		HideSolutionNode = FALSE
	EndGlobalSection
EndGlobal
